// !$*UTF8*$!
{
	archiveVersion = 1;
	classes = {
	};
	objectVersion = 56;
	objects = {

/* Begin PBXBuildFile section */
		8E4679C02A77E06D00F211A1 /* ChefDeliveryApp.swift in Sources */ = {isa = PBXBuildFile; fileRef = 8E4679BF2A77E06D00F211A1 /* ChefDeliveryApp.swift */; };
		8E4679C22A77E06D00F211A1 /* ContentView.swift in Sources */ = {isa = PBXBuildFile; fileRef = 8E4679C12A77E06D00F211A1 /* ContentView.swift */; };
		8E4679C42A77E06F00F211A1 /* Assets.xcassets in Resources */ = {isa = PBXBuildFile; fileRef = 8E4679C32A77E06F00F211A1 /* Assets.xcassets */; };
		8E4679C72A77E06F00F211A1 /* Preview Assets.xcassets in Resources */ = {isa = PBXBuildFile; fileRef = 8E4679C62A77E06F00F211A1 /* Preview Assets.xcassets */; };
		8E4679D02A77F98800F211A1 /* NavigationBar.swift in Sources */ = {isa = PBXBuildFile; fileRef = 8E4679CF2A77F98800F211A1 /* NavigationBar.swift */; };
		8E4679D32A77FE9700F211A1 /* OrderTypeGridView.swift in Sources */ = {isa = PBXBuildFile; fileRef = 8E4679D22A77FE9700F211A1 /* OrderTypeGridView.swift */; };
		8E4679D62A78019900F211A1 /* OrderType.swift in Sources */ = {isa = PBXBuildFile; fileRef = 8E4679D52A78019900F211A1 /* OrderType.swift */; };
		8E4679D82A78022700F211A1 /* DataSourceMock.swift in Sources */ = {isa = PBXBuildFile; fileRef = 8E4679D72A78022700F211A1 /* DataSourceMock.swift */; };
		8E4679DA2A783D0C00F211A1 /* OrderTypeView.swift in Sources */ = {isa = PBXBuildFile; fileRef = 8E4679D92A783D0C00F211A1 /* OrderTypeView.swift */; };
		8E4679DD2A7843A100F211A1 /* CarouselView.swift in Sources */ = {isa = PBXBuildFile; fileRef = 8E4679DC2A7843A100F211A1 /* CarouselView.swift */; };
		8E4679DF2A78452A00F211A1 /* CarouselTabView.swift in Sources */ = {isa = PBXBuildFile; fileRef = 8E4679DE2A78452A00F211A1 /* CarouselTabView.swift */; };
		8E4679E22A784EC400F211A1 /* StoreItemView.swift in Sources */ = {isa = PBXBuildFile; fileRef = 8E4679E12A784EC400F211A1 /* StoreItemView.swift */; };
		8E4679E42A7850BF00F211A1 /* StoreContainerView.swift in Sources */ = {isa = PBXBuildFile; fileRef = 8E4679E32A7850BF00F211A1 /* StoreContainerView.swift */; };
		8E4679E62A7928EF00F211A1 /* StoreDetailView.swift in Sources */ = {isa = PBXBuildFile; fileRef = 8E4679E52A7928EF00F211A1 /* StoreDetailView.swift */; };
		8E4679E82A792CA600F211A1 /* StoreType.swift in Sources */ = {isa = PBXBuildFile; fileRef = 8E4679E72A792CA600F211A1 /* StoreType.swift */; };
		8E4679EA2A792D0700F211A1 /* productType.swift in Sources */ = {isa = PBXBuildFile; fileRef = 8E4679E92A792D0700F211A1 /* productType.swift */; };
		8E4679ED2A79A51700F211A1 /* Double+.swift in Sources */ = {isa = PBXBuildFile; fileRef = 8E4679EC2A79A51700F211A1 /* Double+.swift */; };
		8E4679F02A7A865E00F211A1 /* ProductDetailView.swift in Sources */ = {isa = PBXBuildFile; fileRef = 8E4679EF2A7A865E00F211A1 /* ProductDetailView.swift */; };
		8E4679F52A7C378500F211A1 /* StoreDetailProductsView.swift in Sources */ = {isa = PBXBuildFile; fileRef = 8E4679F42A7C378500F211A1 /* StoreDetailProductsView.swift */; };
		8E4679F72A7C393400F211A1 /* StoreDetailProductItemView.swift in Sources */ = {isa = PBXBuildFile; fileRef = 8E4679F62A7C393400F211A1 /* StoreDetailProductItemView.swift */; };
		8E9A06972A815B5A00841F28 /* HomeView.swift in Sources */ = {isa = PBXBuildFile; fileRef = 8E9A06962A815B5A00841F28 /* HomeView.swift */; };
/* End PBXBuildFile section */

/* Begin PBXFileReference section */
		8E4679BC2A77E06D00F211A1 /* ChefDelivery.app */ = {isa = PBXFileReference; explicitFileType = wrapper.application; includeInIndex = 0; path = ChefDelivery.app; sourceTree = BUILT_PRODUCTS_DIR; };
		8E4679BF2A77E06D00F211A1 /* ChefDeliveryApp.swift */ = {isa = PBXFileReference; lastKnownFileType = sourcecode.swift; path = ChefDeliveryApp.swift; sourceTree = "<group>"; };
		8E4679C12A77E06D00F211A1 /* ContentView.swift */ = {isa = PBXFileReference; lastKnownFileType = sourcecode.swift; path = ContentView.swift; sourceTree = "<group>"; };
		8E4679C32A77E06F00F211A1 /* Assets.xcassets */ = {isa = PBXFileReference; lastKnownFileType = folder.assetcatalog; path = Assets.xcassets; sourceTree = "<group>"; };
		8E4679C62A77E06F00F211A1 /* Preview Assets.xcassets */ = {isa = PBXFileReference; lastKnownFileType = folder.assetcatalog; path = "Preview Assets.xcassets"; sourceTree = "<group>"; };
		8E4679CF2A77F98800F211A1 /* NavigationBar.swift */ = {isa = PBXFileReference; lastKnownFileType = sourcecode.swift; path = NavigationBar.swift; sourceTree = "<group>"; };
		8E4679D22A77FE9700F211A1 /* OrderTypeGridView.swift */ = {isa = PBXFileReference; lastKnownFileType = sourcecode.swift; path = OrderTypeGridView.swift; sourceTree = "<group>"; };
		8E4679D52A78019900F211A1 /* OrderType.swift */ = {isa = PBXFileReference; lastKnownFileType = sourcecode.swift; path = OrderType.swift; sourceTree = "<group>"; };
		8E4679D72A78022700F211A1 /* DataSourceMock.swift */ = {isa = PBXFileReference; lastKnownFileType = sourcecode.swift; path = DataSourceMock.swift; sourceTree = "<group>"; };
		8E4679D92A783D0C00F211A1 /* OrderTypeView.swift */ = {isa = PBXFileReference; lastKnownFileType = sourcecode.swift; path = OrderTypeView.swift; sourceTree = "<group>"; };
		8E4679DC2A7843A100F211A1 /* CarouselView.swift */ = {isa = PBXFileReference; lastKnownFileType = sourcecode.swift; path = CarouselView.swift; sourceTree = "<group>"; };
		8E4679DE2A78452A00F211A1 /* CarouselTabView.swift */ = {isa = PBXFileReference; lastKnownFileType = sourcecode.swift; path = CarouselTabView.swift; sourceTree = "<group>"; };
		8E4679E12A784EC400F211A1 /* StoreItemView.swift */ = {isa = PBXFileReference; lastKnownFileType = sourcecode.swift; path = StoreItemView.swift; sourceTree = "<group>"; };
		8E4679E32A7850BF00F211A1 /* StoreContainerView.swift */ = {isa = PBXFileReference; lastKnownFileType = sourcecode.swift; path = StoreContainerView.swift; sourceTree = "<group>"; };
		8E4679E52A7928EF00F211A1 /* StoreDetailView.swift */ = {isa = PBXFileReference; lastKnownFileType = sourcecode.swift; path = StoreDetailView.swift; sourceTree = "<group>"; };
		8E4679E72A792CA600F211A1 /* StoreType.swift */ = {isa = PBXFileReference; lastKnownFileType = sourcecode.swift; path = StoreType.swift; sourceTree = "<group>"; };
		8E4679E92A792D0700F211A1 /* productType.swift */ = {isa = PBXFileReference; lastKnownFileType = sourcecode.swift; path = productType.swift; sourceTree = "<group>"; };
		8E4679EC2A79A51700F211A1 /* Double+.swift */ = {isa = PBXFileReference; lastKnownFileType = sourcecode.swift; path = "Double+.swift"; sourceTree = "<group>"; };
		8E4679EF2A7A865E00F211A1 /* ProductDetailView.swift */ = {isa = PBXFileReference; lastKnownFileType = sourcecode.swift; path = ProductDetailView.swift; sourceTree = "<group>"; };
		8E4679F42A7C378500F211A1 /* StoreDetailProductsView.swift */ = {isa = PBXFileReference; lastKnownFileType = sourcecode.swift; path = StoreDetailProductsView.swift; sourceTree = "<group>"; };
		8E4679F62A7C393400F211A1 /* StoreDetailProductItemView.swift */ = {isa = PBXFileReference; lastKnownFileType = sourcecode.swift; path = StoreDetailProductItemView.swift; sourceTree = "<group>"; };
		8E9A06962A815B5A00841F28 /* HomeView.swift */ = {isa = PBXFileReference; lastKnownFileType = sourcecode.swift; path = HomeView.swift; sourceTree = "<group>"; };
/* End PBXFileReference section */

/* Begin PBXFrameworksBuildPhase section */
		8E4679B92A77E06D00F211A1 /* Frameworks */ = {
			isa = PBXFrameworksBuildPhase;
			buildActionMask = 2147483647;
			files = (
			);
			runOnlyForDeploymentPostprocessing = 0;
		};
/* End PBXFrameworksBuildPhase section */

/* Begin PBXGroup section */
		8E4679B32A77E06D00F211A1 = {
			isa = PBXGroup;
			children = (
				8E4679BE2A77E06D00F211A1 /* ChefDelivery */,
				8E4679BD2A77E06D00F211A1 /* Products */,
			);
			sourceTree = "<group>";
		};
		8E4679BD2A77E06D00F211A1 /* Products */ = {
			isa = PBXGroup;
			children = (
				8E4679BC2A77E06D00F211A1 /* ChefDelivery.app */,
			);
			name = Products;
			sourceTree = "<group>";
		};
		8E4679BE2A77E06D00F211A1 /* ChefDelivery */ = {
			isa = PBXGroup;
			children = (
				8E9A06952A815B4500841F28 /* HomeView */,
				8E4679CE2A77F93A00F211A1 /* App */,
				8E4679D42A78017000F211A1 /* Model */,
				8E4679CD2A77F91F00F211A1 /* NavigationBar */,
				8E4679D12A77FE6C00F211A1 /* GridView */,
				8E4679DB2A78436800F211A1 /* CarouselView */,
				8E4679E02A784E9E00F211A1 /* StoresView */,
				8E4679EE2A7A862C00F211A1 /* ProductView */,
				8E4679EB2A79A4E300F211A1 /* Extention */,
				8E4679C52A77E06F00F211A1 /* Preview Content */,
			);
			path = ChefDelivery;
			sourceTree = "<group>";
		};
		8E4679C52A77E06F00F211A1 /* Preview Content */ = {
			isa = PBXGroup;
			children = (
				8E4679C32A77E06F00F211A1 /* Assets.xcassets */,
				8E4679C62A77E06F00F211A1 /* Preview Assets.xcassets */,
			);
			path = "Preview Content";
			sourceTree = "<group>";
		};
		8E4679CD2A77F91F00F211A1 /* NavigationBar */ = {
			isa = PBXGroup;
			children = (
				8E4679CF2A77F98800F211A1 /* NavigationBar.swift */,
			);
			path = NavigationBar;
			sourceTree = "<group>";
		};
		8E4679CE2A77F93A00F211A1 /* App */ = {
			isa = PBXGroup;
			children = (
				8E4679BF2A77E06D00F211A1 /* ChefDeliveryApp.swift */,
				8E4679C12A77E06D00F211A1 /* ContentView.swift */,
			);
			path = App;
			sourceTree = "<group>";
		};
		8E4679D12A77FE6C00F211A1 /* GridView */ = {
			isa = PBXGroup;
			children = (
				8E4679D22A77FE9700F211A1 /* OrderTypeGridView.swift */,
				8E4679D92A783D0C00F211A1 /* OrderTypeView.swift */,
			);
			path = GridView;
			sourceTree = "<group>";
		};
		8E4679D42A78017000F211A1 /* Model */ = {
			isa = PBXGroup;
			children = (
				8E4679D52A78019900F211A1 /* OrderType.swift */,
				8E4679D72A78022700F211A1 /* DataSourceMock.swift */,
				8E4679E72A792CA600F211A1 /* StoreType.swift */,
				8E4679E92A792D0700F211A1 /* productType.swift */,
			);
			path = Model;
			sourceTree = "<group>";
		};
		8E4679DB2A78436800F211A1 /* CarouselView */ = {
			isa = PBXGroup;
			children = (
				8E4679DC2A7843A100F211A1 /* CarouselView.swift */,
				8E4679DE2A78452A00F211A1 /* CarouselTabView.swift */,
			);
			path = CarouselView;
			sourceTree = "<group>";
		};
		8E4679E02A784E9E00F211A1 /* StoresView */ = {
			isa = PBXGroup;
			children = (
				8E4679F12A7C364500F211A1 /* StoreDetailView */,
				8E4679E12A784EC400F211A1 /* StoreItemView.swift */,
				8E4679E32A7850BF00F211A1 /* StoreContainerView.swift */,
			);
			path = StoresView;
			sourceTree = "<group>";
		};
		8E4679EB2A79A4E300F211A1 /* Extention */ = {
			isa = PBXGroup;
			children = (
				8E4679EC2A79A51700F211A1 /* Double+.swift */,
			);
			path = Extention;
			sourceTree = "<group>";
		};
		8E4679EE2A7A862C00F211A1 /* ProductView */ = {
			isa = PBXGroup;
			children = (
				8E4679EF2A7A865E00F211A1 /* ProductDetailView.swift */,
			);
			path = ProductView;
			sourceTree = "<group>";
		};
		8E4679F12A7C364500F211A1 /* StoreDetailView */ = {
			isa = PBXGroup;
			children = (
				8E4679E52A7928EF00F211A1 /* StoreDetailView.swift */,
				8E4679F42A7C378500F211A1 /* StoreDetailProductsView.swift */,
				8E4679F62A7C393400F211A1 /* StoreDetailProductItemView.swift */,
			);
			path = StoreDetailView;
			sourceTree = "<group>";
		};
		8E9A06952A815B4500841F28 /* HomeView */ = {
			isa = PBXGroup;
			children = (
				8E9A06962A815B5A00841F28 /* HomeView.swift */,
			);
			path = HomeView;
			sourceTree = "<group>";
		};
/* End PBXGroup section */

/* Begin PBXNativeTarget section */
		8E4679BB2A77E06D00F211A1 /* ChefDelivery */ = {
			isa = PBXNativeTarget;
			buildConfigurationList = 8E4679CA2A77E06F00F211A1 /* Build configuration list for PBXNativeTarget "ChefDelivery" */;
			buildPhases = (
				8E4679B82A77E06D00F211A1 /* Sources */,
				8E4679B92A77E06D00F211A1 /* Frameworks */,
				8E4679BA2A77E06D00F211A1 /* Resources */,
			);
			buildRules = (
			);
			dependencies = (
			);
			name = ChefDelivery;
			productName = ChefDelivery;
			productReference = 8E4679BC2A77E06D00F211A1 /* ChefDelivery.app */;
			productType = "com.apple.product-type.application";
		};
/* End PBXNativeTarget section */

/* Begin PBXProject section */
		8E4679B42A77E06D00F211A1 /* Project object */ = {
			isa = PBXProject;
			attributes = {
				BuildIndependentTargetsInParallel = 1;
				LastSwiftUpdateCheck = 1430;
				LastUpgradeCheck = 1430;
				TargetAttributes = {
					8E4679BB2A77E06D00F211A1 = {
						CreatedOnToolsVersion = 14.3.1;
					};
				};
			};
			buildConfigurationList = 8E4679B72A77E06D00F211A1 /* Build configuration list for PBXProject "ChefDelivery" */;
			compatibilityVersion = "Xcode 14.0";
			developmentRegion = en;
			hasScannedForEncodings = 0;
			knownRegions = (
				en,
				Base,
			);
			mainGroup = 8E4679B32A77E06D00F211A1;
			productRefGroup = 8E4679BD2A77E06D00F211A1 /* Products */;
			projectDirPath = "";
			projectRoot = "";
			targets = (
				8E4679BB2A77E06D00F211A1 /* ChefDelivery */,
			);
		};
/* End PBXProject section */

/* Begin PBXResourcesBuildPhase section */
		8E4679BA2A77E06D00F211A1 /* Resources */ = {
			isa = PBXResourcesBuildPhase;
			buildActionMask = 2147483647;
			files = (
				8E4679C72A77E06F00F211A1 /* Preview Assets.xcassets in Resources */,
				8E4679C42A77E06F00F211A1 /* Assets.xcassets in Resources */,
			);
			runOnlyForDeploymentPostprocessing = 0;
		};
/* End PBXResourcesBuildPhase section */

/* Begin PBXSourcesBuildPhase section */
		8E4679B82A77E06D00F211A1 /* Sources */ = {
			isa = PBXSourcesBuildPhase;
			buildActionMask = 2147483647;
			files = (
				8E4679D62A78019900F211A1 /* OrderType.swift in Sources */,
				8E4679F02A7A865E00F211A1 /* ProductDetailView.swift in Sources */,
				8E4679C22A77E06D00F211A1 /* ContentView.swift in Sources */,
				8E4679D82A78022700F211A1 /* DataSourceMock.swift in Sources */,
				8E4679EA2A792D0700F211A1 /* productType.swift in Sources */,
				8E4679ED2A79A51700F211A1 /* Double+.swift in Sources */,
				8E4679DA2A783D0C00F211A1 /* OrderTypeView.swift in Sources */,
				8E4679D32A77FE9700F211A1 /* OrderTypeGridView.swift in Sources */,
				8E4679E22A784EC400F211A1 /* StoreItemView.swift in Sources */,
				8E4679C02A77E06D00F211A1 /* ChefDeliveryApp.swift in Sources */,
				8E4679E62A7928EF00F211A1 /* StoreDetailView.swift in Sources */,
				8E4679DD2A7843A100F211A1 /* CarouselView.swift in Sources */,
				8E4679D02A77F98800F211A1 /* NavigationBar.swift in Sources */,
				8E4679DF2A78452A00F211A1 /* CarouselTabView.swift in Sources */,
				8E4679E82A792CA600F211A1 /* StoreType.swift in Sources */,
				8E4679F52A7C378500F211A1 /* StoreDetailProductsView.swift in Sources */,
				8E4679E42A7850BF00F211A1 /* StoreContainerView.swift in Sources */,
				8E4679F72A7C393400F211A1 /* StoreDetailProductItemView.swift in Sources */,
				8E9A06972A815B5A00841F28 /* HomeView.swift in Sources */,
			);
			runOnlyForDeploymentPostprocessing = 0;
		};
/* End PBXSourcesBuildPhase section */

/* Begin XCBuildConfiguration section */
		8E4679C82A77E06F00F211A1 /* Debug */ = {
			isa = XCBuildConfiguration;
			buildSettings = {
				ALWAYS_SEARCH_USER_PATHS = NO;
				CLANG_ANALYZER_NONNULL = YES;
				CLANG_ANALYZER_NUMBER_OBJECT_CONVERSION = YES_AGGRESSIVE;
				CLANG_CXX_LANGUAGE_STANDARD = "gnu++20";
				CLANG_ENABLE_MODULES = YES;
				CLANG_ENABLE_OBJC_ARC = YES;
				CLANG_ENABLE_OBJC_WEAK = YES;
				CLANG_WARN_BLOCK_CAPTURE_AUTORELEASING = YES;
				CLANG_WARN_BOOL_CONVERSION = YES;
				CLANG_WARN_COMMA = YES;
				CLANG_WARN_CONSTANT_CONVERSION = YES;
				CLANG_WARN_DEPRECATED_OBJC_IMPLEMENTATIONS = YES;
				CLANG_WARN_DIRECT_OBJC_ISA_USAGE = YES_ERROR;
				CLANG_WARN_DOCUMENTATION_COMMENTS = YES;
				CLANG_WARN_EMPTY_BODY = YES;
				CLANG_WARN_ENUM_CONVERSION = YES;
				CLANG_WARN_INFINITE_RECURSION = YES;
				CLANG_WARN_INT_CONVERSION = YES;
				CLANG_WARN_NON_LITERAL_NULL_CONVERSION = YES;
				CLANG_WARN_OBJC_IMPLICIT_RETAIN_SELF = YES;
				CLANG_WARN_OBJC_LITERAL_CONVERSION = YES;
				CLANG_WARN_OBJC_ROOT_CLASS = YES_ERROR;
				CLANG_WARN_QUOTED_INCLUDE_IN_FRAMEWORK_HEADER = YES;
				CLANG_WARN_RANGE_LOOP_ANALYSIS = YES;
				CLANG_WARN_STRICT_PROTOTYPES = YES;
				CLANG_WARN_SUSPICIOUS_MOVE = YES;
				CLANG_WARN_UNGUARDED_AVAILABILITY = YES_AGGRESSIVE;
				CLANG_WARN_UNREACHABLE_CODE = YES;
				CLANG_WARN__DUPLICATE_METHOD_MATCH = YES;
				COPY_PHASE_STRIP = NO;
				DEBUG_INFORMATION_FORMAT = dwarf;
				ENABLE_STRICT_OBJC_MSGSEND = YES;
				ENABLE_TESTABILITY = YES;
				GCC_C_LANGUAGE_STANDARD = gnu11;
				GCC_DYNAMIC_NO_PIC = NO;
				GCC_NO_COMMON_BLOCKS = YES;
				GCC_OPTIMIZATION_LEVEL = 0;
				GCC_PREPROCESSOR_DEFINITIONS = (
					"DEBUG=1",
					"$(inherited)",
				);
				GCC_WARN_64_TO_32_BIT_CONVERSION = YES;
				GCC_WARN_ABOUT_RETURN_TYPE = YES_ERROR;
				GCC_WARN_UNDECLARED_SELECTOR = YES;
				GCC_WARN_UNINITIALIZED_AUTOS = YES_AGGRESSIVE;
				GCC_WARN_UNUSED_FUNCTION = YES;
				GCC_WARN_UNUSED_VARIABLE = YES;
				IPHONEOS_DEPLOYMENT_TARGET = 16.4;
				MTL_ENABLE_DEBUG_INFO = INCLUDE_SOURCE;
				MTL_FAST_MATH = YES;
				ONLY_ACTIVE_ARCH = YES;
				SDKROOT = iphoneos;
				SWIFT_ACTIVE_COMPILATION_CONDITIONS = DEBUG;
				SWIFT_OPTIMIZATION_LEVEL = "-Onone";
			};
			name = Debug;
		};
		8E4679C92A77E06F00F211A1 /* Release */ = {
			isa = XCBuildConfiguration;
			buildSettings = {
				ALWAYS_SEARCH_USER_PATHS = NO;
				CLANG_ANALYZER_NONNULL = YES;
				CLANG_ANALYZER_NUMBER_OBJECT_CONVERSION = YES_AGGRESSIVE;
				CLANG_CXX_LANGUAGE_STANDARD = "gnu++20";
				CLANG_ENABLE_MODULES = YES;
				CLANG_ENABLE_OBJC_ARC = YES;
				CLANG_ENABLE_OBJC_WEAK = YES;
				CLANG_WARN_BLOCK_CAPTURE_AUTORELEASING = YES;
				CLANG_WARN_BOOL_CONVERSION = YES;
				CLANG_WARN_COMMA = YES;
				CLANG_WARN_CONSTANT_CONVERSION = YES;
				CLANG_WARN_DEPRECATED_OBJC_IMPLEMENTATIONS = YES;
				CLANG_WARN_DIRECT_OBJC_ISA_USAGE = YES_ERROR;
				CLANG_WARN_DOCUMENTATION_COMMENTS = YES;
				CLANG_WARN_EMPTY_BODY = YES;
				CLANG_WARN_ENUM_CONVERSION = YES;
				CLANG_WARN_INFINITE_RECURSION = YES;
				CLANG_WARN_INT_CONVERSION = YES;
				CLANG_WARN_NON_LITERAL_NULL_CONVERSION = YES;
				CLANG_WARN_OBJC_IMPLICIT_RETAIN_SELF = YES;
				CLANG_WARN_OBJC_LITERAL_CONVERSION = YES;
				CLANG_WARN_OBJC_ROOT_CLASS = YES_ERROR;
				CLANG_WARN_QUOTED_INCLUDE_IN_FRAMEWORK_HEADER = YES;
				CLANG_WARN_RANGE_LOOP_ANALYSIS = YES;
				CLANG_WARN_STRICT_PROTOTYPES = YES;
				CLANG_WARN_SUSPICIOUS_MOVE = YES;
				CLANG_WARN_UNGUARDED_AVAILABILITY = YES_AGGRESSIVE;
				CLANG_WARN_UNREACHABLE_CODE = YES;
				CLANG_WARN__DUPLICATE_METHOD_MATCH = YES;
				COPY_PHASE_STRIP = NO;
				DEBUG_INFORMATION_FORMAT = "dwarf-with-dsym";
				ENABLE_NS_ASSERTIONS = NO;
				ENABLE_STRICT_OBJC_MSGSEND = YES;
				GCC_C_LANGUAGE_STANDARD = gnu11;
				GCC_NO_COMMON_BLOCKS = YES;
				GCC_WARN_64_TO_32_BIT_CONVERSION = YES;
				GCC_WARN_ABOUT_RETURN_TYPE = YES_ERROR;
				GCC_WARN_UNDECLARED_SELECTOR = YES;
				GCC_WARN_UNINITIALIZED_AUTOS = YES_AGGRESSIVE;
				GCC_WARN_UNUSED_FUNCTION = YES;
				GCC_WARN_UNUSED_VARIABLE = YES;
				IPHONEOS_DEPLOYMENT_TARGET = 16.4;
				MTL_ENABLE_DEBUG_INFO = NO;
				MTL_FAST_MATH = YES;
				SDKROOT = iphoneos;
				SWIFT_COMPILATION_MODE = wholemodule;
				SWIFT_OPTIMIZATION_LEVEL = "-O";
				VALIDATE_PRODUCT = YES;
			};
			name = Release;
		};
		8E4679CB2A77E06F00F211A1 /* Debug */ = {
			isa = XCBuildConfiguration;
			buildSettings = {
				ASSETCATALOG_COMPILER_APPICON_NAME = AppIcon;
				ASSETCATALOG_COMPILER_GLOBAL_ACCENT_COLOR_NAME = AccentColor;
				CODE_SIGN_STYLE = Automatic;
				CURRENT_PROJECT_VERSION = 1;
				DEVELOPMENT_ASSET_PATHS = "\"ChefDelivery/Preview Content\"";
				DEVELOPMENT_TEAM = "";
				ENABLE_PREVIEWS = YES;
				GENERATE_INFOPLIST_FILE = YES;
				INFOPLIST_KEY_UIApplicationSceneManifest_Generation = YES;
				INFOPLIST_KEY_UIApplicationSupportsIndirectInputEvents = YES;
				INFOPLIST_KEY_UILaunchScreen_Generation = YES;
				INFOPLIST_KEY_UISupportedInterfaceOrientations_iPad = "UIInterfaceOrientationPortrait UIInterfaceOrientationPortraitUpsideDown UIInterfaceOrientationLandscapeLeft UIInterfaceOrientationLandscapeRight";
				INFOPLIST_KEY_UISupportedInterfaceOrientations_iPhone = "UIInterfaceOrientationPortrait UIInterfaceOrientationLandscapeLeft UIInterfaceOrientationLandscapeRight";
				LD_RUNPATH_SEARCH_PATHS = (
					"$(inherited)",
					"@executable_path/Frameworks",
				);
				MARKETING_VERSION = 1.0;
				PRODUCT_BUNDLE_IDENTIFIER = com.appbrewery.ChefDelivery;
				PRODUCT_NAME = "$(TARGET_NAME)";
				SWIFT_EMIT_LOC_STRINGS = YES;
				SWIFT_VERSION = 5.0;
				TARGETED_DEVICE_FAMILY = "1,2";
			};
			name = Debug;
		};
		8E4679CC2A77E06F00F211A1 /* Release */ = {
			isa = XCBuildConfiguration;
			buildSettings = {
				ASSETCATALOG_COMPILER_APPICON_NAME = AppIcon;
				ASSETCATALOG_COMPILER_GLOBAL_ACCENT_COLOR_NAME = AccentColor;
				CODE_SIGN_STYLE = Automatic;
				CURRENT_PROJECT_VERSION = 1;
				DEVELOPMENT_ASSET_PATHS = "\"ChefDelivery/Preview Content\"";
				DEVELOPMENT_TEAM = TJMSZ6N757;
				ENABLE_PREVIEWS = YES;
				GENERATE_INFOPLIST_FILE = YES;
				INFOPLIST_KEY_UIApplicationSceneManifest_Generation = YES;
				INFOPLIST_KEY_UIApplicationSupportsIndirectInputEvents = YES;
				INFOPLIST_KEY_UILaunchScreen_Generation = YES;
				INFOPLIST_KEY_UISupportedInterfaceOrientations_iPad = "UIInterfaceOrientationPortrait UIInterfaceOrientationPortraitUpsideDown UIInterfaceOrientationLandscapeLeft UIInterfaceOrientationLandscapeRight";
				INFOPLIST_KEY_UISupportedInterfaceOrientations_iPhone = "UIInterfaceOrientationPortrait UIInterfaceOrientationLandscapeLeft UIInterfaceOrientationLandscapeRight";
				LD_RUNPATH_SEARCH_PATHS = (
					"$(inherited)",
					"@executable_path/Frameworks",
				);
				MARKETING_VERSION = 1.0;
				PRODUCT_BUNDLE_IDENTIFIER = com.appbrewery.ChefDelivery;
				PRODUCT_NAME = "$(TARGET_NAME)";
				SWIFT_EMIT_LOC_STRINGS = YES;
				SWIFT_VERSION = 5.0;
				TARGETED_DEVICE_FAMILY = "1,2";
			};
			name = Release;
		};
/* End XCBuildConfiguration section */

/* Begin XCConfigurationList section */
		8E4679B72A77E06D00F211A1 /* Build configuration list for PBXProject "ChefDelivery" */ = {
			isa = XCConfigurationList;
			buildConfigurations = (
				8E4679C82A77E06F00F211A1 /* Debug */,
				8E4679C92A77E06F00F211A1 /* Release */,
			);
			defaultConfigurationIsVisible = 0;
			defaultConfigurationName = Release;
		};
		8E4679CA2A77E06F00F211A1 /* Build configuration list for PBXNativeTarget "ChefDelivery" */ = {
			isa = XCConfigurationList;
			buildConfigurations = (
				8E4679CB2A77E06F00F211A1 /* Debug */,
				8E4679CC2A77E06F00F211A1 /* Release */,
			);
			defaultConfigurationIsVisible = 0;
			defaultConfigurationName = Release;
		};
/* End XCConfigurationList section */
	};
	rootObject = 8E4679B42A77E06D00F211A1 /* Project object */;
}
